
Microsoft Visual Studio Solution File, Format Version 12.00
# Visual Studio 2013
VisualStudioVersion = 12.0.21005.1
MinimumVisualStudioVersion = 10.0.40219.1
Project("{FAE04EC0-301F-11D3-BF4B-00C04F79EFBC}") = "DA_RapChieuPhim", "DA_RapChieuPhim\DA_RapChieuPhim.csproj", "{DA2235CD-15AF-4564-8ABE-6387768099A8}"
EndProject
Project("{FAE04EC0-301F-11D3-BF4B-00C04F79EFBC}") = "RapChieuPhimBUS", "RapChieuPhimBUS\RapChieuPhimBUS.csproj", "{203862E7-65FE-4C85-9B8F-D23919F6258D}"
EndProject
Project("{FAE04EC0-301F-11D3-BF4B-00C04F79EFBC}") = "RapChieuPhimDAO", "RapChieuPhimDAO\RapChieuPhimDAO.csproj", "{20D9A0E1-30A7-45F6-888C-6A8325DCCBC5}"
EndProject
Project("{FAE04EC0-301F-11D3-BF4B-00C04F79EFBC}") = "RapChieuPhimDTO", "RapChieuPhimDTO\RapChieuPhimDTO.csproj", "{B3903715-3599-42F9-90FE-4D4BDF3E183A}"
EndProject
Global
	GlobalSection(SolutionConfigurationPlatforms) = preSolution
		Debug|Any CPU = Debug|Any CPU
		Release|Any CPU = Release|Any CPU
	EndGlobalSection
	GlobalSection(ProjectConfigurationPlatforms) = postSolution
		{DA2235CD-15AF-4564-8ABE-6387768099A8}.Debug|Any CPU.ActiveCfg = Debug|Any CPU
		{DA2235CD-15AF-4564-8ABE-6387768099A8}.Debug|Any CPU.Build.0 = Debug|Any CPU
		{DA2235CD-15AF-4564-8ABE-6387768099A8}.Release|Any CPU.ActiveCfg = Release|Any CPU
		{DA2235CD-15AF-4564-8ABE-6387768099A8}.Release|Any CPU.Build.0 = Release|Any CPU
		{203862E7-65FE-4C85-9B8F-D23919F6258D}.Debug|Any CPU.ActiveCfg = Debug|Any CPU
		{203862E7-65FE-4C85-9B8F-D23919F6258D}.Debug|Any CPU.Build.0 = Debug|Any CPU
		{203862E7-65FE-4C85-9B8F-D23919F6258D}.Release|Any CPU.ActiveCfg = Release|Any CPU
		{203862E7-65FE-4C85-9B8F-D23919F6258D}.Release|Any CPU.Build.0 = Release|Any CPU
		{20D9A0E1-30A7-45F6-888C-6A8325DCCBC5}.Debug|Any CPU.ActiveCfg = Debug|Any CPU
		{20D9A0E1-30A7-45F6-888C-6A8325DCCBC5}.Debug|Any CPU.Build.0 = Debug|Any CPU
		{20D9A0E1-30A7-45F6-888C-6A8325DCCBC5}.Release|Any CPU.ActiveCfg = Release|Any CPU
		{20D9A0E1-30A7-45F6-888C-6A8325DCCBC5}.Release|Any CPU.Build.0 = Release|Any CPU
		{B3903715-3599-42F9-90FE-4D4BDF3E183A}.Debug|Any CPU.ActiveCfg = Debug|Any CPU
		{B3903715-3599-42F9-90FE-4D4BDF3E183A}.Debug|Any CPU.Build.0 = Debug|Any CPU
		{B3903715-3599-42F9-90FE-4D4BDF3E183A}.Release|Any CPU.ActiveCfg = Release|Any CPU
		{B3903715-3599-42F9-90FE-4D4BDF3E183A}.Release|Any CPU.Build.0 = Release|Any CPU
	EndGlobalSection
	GlobalSection(SolutionProperties) = preSolution
		HideSolutionNode = FALSE
	EndGlobalSection
EndGlobal
